
Microsoft Visual Studio Solution File, Format Version 12.00
# Visual Studio Version 17
VisualStudioVersion = 17.14.36623.8 d17.14
MinimumVisualStudioVersion = 10.0.40219.1
Project("{FAE04EC0-301F-11D3-BF4B-00C04F79EFBC}") = "Lab6Task3", "Lab6Task3\Lab6Task3.csproj", "{FDCDC1CD-A1C6-40D9-BDA0-FCA2D9BDA152}"
EndProject
Global
	GlobalSection(SolutionConfigurationPlatforms) = preSolution
		Debug|Any CPU = Debug|Any CPU
		Release|Any CPU = Release|Any CPU
	EndGlobalSection
	GlobalSection(ProjectConfigurationPlatforms) = postSolution
		{FDCDC1CD-A1C6-40D9-BDA0-FCA2D9BDA152}.Debug|Any CPU.ActiveCfg = Debug|Any CPU
		{FDCDC1CD-A1C6-40D9-BDA0-FCA2D9BDA152}.Debug|Any CPU.Build.0 = Debug|Any CPU
		{FDCDC1CD-A1C6-40D9-BDA0-FCA2D9BDA152}.Release|Any CPU.ActiveCfg = Release|Any CPU
		{FDCDC1CD-A1C6-40D9-BDA0-FCA2D9BDA152}.Release|Any CPU.Build.0 = Release|Any CPU
	EndGlobalSection
	GlobalSection(SolutionProperties) = preSolution
		HideSolutionNode = FALSE
	EndGlobalSection
	GlobalSection(ExtensibilityGlobals) = postSolution
		SolutionGuid = {7E009031-F862-45F1-9372-792E2DE9491D}
	EndGlobalSection
EndGlobal
